
Microsoft Visual Studio Solution File, Format Version 12.00
# Visual Studio 15
VisualStudioVersion = 15.0.28010.2046
MinimumVisualStudioVersion = 10.0.40219.1
Project("{FAE04EC0-301F-11D3-BF4B-00C04F79EFBC}") = "AspNetMVCOWINSample", "AspNetMVCOWINSample\AspNetMVCOWINSample.csproj", "{003D1168-07FD-48EC-80ED-F613695F962E}"
EndProject
Global
	GlobalSection(SolutionConfigurationPlatforms) = preSolution
		Debug|Any CPU = Debug|Any CPU
		Release|Any CPU = Release|Any CPU
	EndGlobalSection
	GlobalSection(ProjectConfigurationPlatforms) = postSolution
		{003D1168-07FD-48EC-80ED-F613695F962E}.Debug|Any CPU.ActiveCfg = Debug|Any CPU
		{003D1168-07FD-48EC-80ED-F613695F962E}.Debug|Any CPU.Build.0 = Debug|Any CPU
		{003D1168-07FD-48EC-80ED-F613695F962E}.Release|Any CPU.ActiveCfg = Release|Any CPU
		{003D1168-07FD-48EC-80ED-F613695F962E}.Release|Any CPU.Build.0 = Release|Any CPU
	EndGlobalSection
	GlobalSection(SolutionProperties) = preSolution
		HideSolutionNode = FALSE
	EndGlobalSection
	GlobalSection(ExtensibilityGlobals) = postSolution
		SolutionGuid = {BEDC6D76-56EC-44C2-916F-FE108AEB8D1D}
	EndGlobalSection
EndGlobal
